
Microsoft Visual Studio Solution File, Format Version 12.00
# Visual Studio Version 16
VisualStudioVersion = 16.0.30204.135
MinimumVisualStudioVersion = 10.0.40219.1
Project("{FAE04EC0-301F-11D3-BF4B-00C04F79EFBC}") = "ServerSideBlobUpload", "ServerSideBlobUpload\ServerSideBlobUpload.csproj", "{D5A033A8-9355-4856-A75F-FEBA40008400}"
EndProject
Project("{FAE04EC0-301F-11D3-BF4B-00C04F79EFBC}") = "ChunkedBlobUpload", "ChunkedBlobUpload\ChunkedBlobUpload.csproj", "{DDA492CA-5AB2-40E7-87EE-9C20722ACBE0}"
EndProject
Global
	GlobalSection(SolutionConfigurationPlatforms) = preSolution
		Debug|Any CPU = Debug|Any CPU
		Release|Any CPU = Release|Any CPU
	EndGlobalSection
	GlobalSection(ProjectConfigurationPlatforms) = postSolution
		{D5A033A8-9355-4856-A75F-FEBA40008400}.Debug|Any CPU.ActiveCfg = Debug|Any CPU
		{D5A033A8-9355-4856-A75F-FEBA40008400}.Debug|Any CPU.Build.0 = Debug|Any CPU
		{D5A033A8-9355-4856-A75F-FEBA40008400}.Release|Any CPU.ActiveCfg = Release|Any CPU
		{D5A033A8-9355-4856-A75F-FEBA40008400}.Release|Any CPU.Build.0 = Release|Any CPU
		{DDA492CA-5AB2-40E7-87EE-9C20722ACBE0}.Debug|Any CPU.ActiveCfg = Debug|Any CPU
		{DDA492CA-5AB2-40E7-87EE-9C20722ACBE0}.Debug|Any CPU.Build.0 = Debug|Any CPU
		{DDA492CA-5AB2-40E7-87EE-9C20722ACBE0}.Release|Any CPU.ActiveCfg = Release|Any CPU
		{DDA492CA-5AB2-40E7-87EE-9C20722ACBE0}.Release|Any CPU.Build.0 = Release|Any CPU
	EndGlobalSection
	GlobalSection(SolutionProperties) = preSolution
		HideSolutionNode = FALSE
	EndGlobalSection
	GlobalSection(ExtensibilityGlobals) = postSolution
		SolutionGuid = {F905DB4B-96C4-47BE-A75E-DD7DAE3CD758}
	EndGlobalSection
	GlobalSection(TeamFoundationVersionControl) = preSolution
		SccNumberOfProjects = 1
		SccEnterpriseProvider = {4CA58AB2-18FA-4F8D-95D4-32DDF27D184C}
		SccTeamFoundationServer = https://nimccoll.visualstudio.com/
		SccProjectUniqueName0 = ChunkedBlobUpload\\ChunkedBlobUpload.csproj
		SccProjectName0 = ChunkedBlobUpload
		SccAuxPath0 = https://nimccoll.visualstudio.com
		SccLocalPath0 = ChunkedBlobUpload
		SccProvider0 = {4CA58AB2-18FA-4F8D-95D4-32DDF27D184C}
	EndGlobalSection
EndGlobal
